
Microsoft Visual Studio Solution File, Format Version 12.00
# Visual Studio Version 16
VisualStudioVersion = 16.0.30225.117
MinimumVisualStudioVersion = 10.0.40219.1
Project("{9A19103F-16F7-4668-BE54-9A1E7A4F7556}") = "TrucoZap.Jogo.Service", "TrucoZap.Jogo.Service\TrucoZap.Jogo.Service.csproj", "{71236FF5-088A-4B6C-8846-060B7FA6D635}"
EndProject
Project("{9A19103F-16F7-4668-BE54-9A1E7A4F7556}") = "TrucoZap.Jogo.Entidade", "TrucoZap.Jogo.Entidade\TrucoZap.Jogo.Entidade.csproj", "{16FD1A2E-7112-42B6-B70B-0A420E269666}"
EndProject
Project("{9A19103F-16F7-4668-BE54-9A1E7A4F7556}") = "TrucoZap.Jogo.Api", "TrucoZap.Jogo.Api\TrucoZap.Jogo.Api.csproj", "{95E9C1D2-A64B-48FA-AB3C-BC25255C7007}"
EndProject
Global
	GlobalSection(SolutionConfigurationPlatforms) = preSolution
		Debug|Any CPU = Debug|Any CPU
		Release|Any CPU = Release|Any CPU
	EndGlobalSection
	GlobalSection(ProjectConfigurationPlatforms) = postSolution
		{71236FF5-088A-4B6C-8846-060B7FA6D635}.Debug|Any CPU.ActiveCfg = Debug|Any CPU
		{71236FF5-088A-4B6C-8846-060B7FA6D635}.Debug|Any CPU.Build.0 = Debug|Any CPU
		{71236FF5-088A-4B6C-8846-060B7FA6D635}.Release|Any CPU.ActiveCfg = Release|Any CPU
		{71236FF5-088A-4B6C-8846-060B7FA6D635}.Release|Any CPU.Build.0 = Release|Any CPU
		{16FD1A2E-7112-42B6-B70B-0A420E269666}.Debug|Any CPU.ActiveCfg = Debug|Any CPU
		{16FD1A2E-7112-42B6-B70B-0A420E269666}.Debug|Any CPU.Build.0 = Debug|Any CPU
		{16FD1A2E-7112-42B6-B70B-0A420E269666}.Release|Any CPU.ActiveCfg = Release|Any CPU
		{16FD1A2E-7112-42B6-B70B-0A420E269666}.Release|Any CPU.Build.0 = Release|Any CPU
		{95E9C1D2-A64B-48FA-AB3C-BC25255C7007}.Debug|Any CPU.ActiveCfg = Debug|Any CPU
		{95E9C1D2-A64B-48FA-AB3C-BC25255C7007}.Debug|Any CPU.Build.0 = Debug|Any CPU
		{95E9C1D2-A64B-48FA-AB3C-BC25255C7007}.Release|Any CPU.ActiveCfg = Release|Any CPU
		{95E9C1D2-A64B-48FA-AB3C-BC25255C7007}.Release|Any CPU.Build.0 = Release|Any CPU
	EndGlobalSection
	GlobalSection(SolutionProperties) = preSolution
		HideSolutionNode = FALSE
	EndGlobalSection
	GlobalSection(ExtensibilityGlobals) = postSolution
		SolutionGuid = {5E693790-0C6B-4383-B5CE-C123AA98250B}
	EndGlobalSection
EndGlobal
